
Microsoft Visual Studio Solution File, Format Version 12.00
# Visual Studio Version 17
VisualStudioVersion = 17.4.33205.214
MinimumVisualStudioVersion = 10.0.40219.1
Project("{FAE04EC0-301F-11D3-BF4B-00C04F79EFBC}") = "WinFormsApp2", "WinFormsApp2\WinFormsApp2.csproj", "{398692C2-076C-4125-8473-577D9E6AB084}"
EndProject
Global
	GlobalSection(SolutionConfigurationPlatforms) = preSolution
		Debug|Any CPU = Debug|Any CPU
		Release|Any CPU = Release|Any CPU
	EndGlobalSection
	GlobalSection(ProjectConfigurationPlatforms) = postSolution
		{398692C2-076C-4125-8473-577D9E6AB084}.Debug|Any CPU.ActiveCfg = Debug|Any CPU
		{398692C2-076C-4125-8473-577D9E6AB084}.Debug|Any CPU.Build.0 = Debug|Any CPU
		{398692C2-076C-4125-8473-577D9E6AB084}.Release|Any CPU.ActiveCfg = Release|Any CPU
		{398692C2-076C-4125-8473-577D9E6AB084}.Release|Any CPU.Build.0 = Release|Any CPU
	EndGlobalSection
	GlobalSection(SolutionProperties) = preSolution
		HideSolutionNode = FALSE
	EndGlobalSection
	GlobalSection(ExtensibilityGlobals) = postSolution
		SolutionGuid = {37D456D7-13EF-4ACA-8DA9-2C08B8B5D0C7}
	EndGlobalSection
EndGlobal
